
Microsoft Visual Studio Solution File, Format Version 12.00
# Visual Studio Version 16
VisualStudioVersion = 16.0.32228.343
MinimumVisualStudioVersion = 10.0.40219.1
Project("{FAE04EC0-301F-11D3-BF4B-00C04F79EFBC}") = "ZeroControls", "ZeroControls.csproj", "{C93F6ADA-9AB8-4430-ABB9-1C9C090AD3BE}"
EndProject
Global
	GlobalSection(SolutionConfigurationPlatforms) = preSolution
		Debug|Any CPU = Debug|Any CPU
		Release|Any CPU = Release|Any CPU
	EndGlobalSection
	GlobalSection(ProjectConfigurationPlatforms) = postSolution
		{C93F6ADA-9AB8-4430-ABB9-1C9C090AD3BE}.Debug|Any CPU.ActiveCfg = Debug|Any CPU
		{C93F6ADA-9AB8-4430-ABB9-1C9C090AD3BE}.Debug|Any CPU.Build.0 = Debug|Any CPU
		{C93F6ADA-9AB8-4430-ABB9-1C9C090AD3BE}.Release|Any CPU.ActiveCfg = Release|Any CPU
		{C93F6ADA-9AB8-4430-ABB9-1C9C090AD3BE}.Release|Any CPU.Build.0 = Release|Any CPU
	EndGlobalSection
	GlobalSection(SolutionProperties) = preSolution
		HideSolutionNode = FALSE
	EndGlobalSection
	GlobalSection(ExtensibilityGlobals) = postSolution
		SolutionGuid = {D9D8736B-3CE1-4B8B-A1F7-024EAEE83288}
	EndGlobalSection
EndGlobal
